// !$*UTF8*$!
{
	archiveVersion = 1;
	classes = {
	};
	objectVersion = 50;
	objects = {

/* Begin PBXBuildFile section */
		490F59F02705F169000AA2BC /* IntExtension.swift in Sources */ = {isa = PBXBuildFile; fileRef = 490F59EF2705F169000AA2BC /* IntExtension.swift */; };
		490F59F927071600000AA2BC /* ProsConsList.xib in Resources */ = {isa = PBXBuildFile; fileRef = 490F59F827071600000AA2BC /* ProsConsList.xib */; };
		490F59FB27071618000AA2BC /* ProsConsList.swift in Sources */ = {isa = PBXBuildFile; fileRef = 490F59FA27071618000AA2BC /* ProsConsList.swift */; };
		490F59FD2707488E000AA2BC /* ViewExtension.swift in Sources */ = {isa = PBXBuildFile; fileRef = 490F59FC2707488E000AA2BC /* ViewExtension.swift */; };
		490F5A02270794B4000AA2BC /* RatingEnum.swift in Sources */ = {isa = PBXBuildFile; fileRef = 490F5A01270794B4000AA2BC /* RatingEnum.swift */; };
		490F5A05270832B1000AA2BC /* CompleteCarCell.swift in Sources */ = {isa = PBXBuildFile; fileRef = 490F5A03270832B1000AA2BC /* CompleteCarCell.swift */; };
		490F5A06270832B1000AA2BC /* CompleteCarCell.xib in Resources */ = {isa = PBXBuildFile; fileRef = 490F5A04270832B1000AA2BC /* CompleteCarCell.xib */; };
		490F5A0827086EE9000AA2BC /* StringExtension.swift in Sources */ = {isa = PBXBuildFile; fileRef = 490F5A0727086EE8000AA2BC /* StringExtension.swift */; };
		497B3DBA2708B26F00B43E0A /* LabelExtension.swift in Sources */ = {isa = PBXBuildFile; fileRef = 497B3DB92708B26E00B43E0A /* LabelExtension.swift */; };
		497B3DBC2709A69100B43E0A /* CGFloatExtension.swift in Sources */ = {isa = PBXBuildFile; fileRef = 497B3DBB2709A69100B43E0A /* CGFloatExtension.swift */; };
		497B3DC02709B27C00B43E0A /* FilterCell.swift in Sources */ = {isa = PBXBuildFile; fileRef = 497B3DBF2709B27C00B43E0A /* FilterCell.swift */; };
		497B3DC22709C7FE00B43E0A /* OptionalExtension.swift in Sources */ = {isa = PBXBuildFile; fileRef = 497B3DC12709C7FE00B43E0A /* OptionalExtension.swift */; };
		49B097092704D8770044393B /* AppDelegate.swift in Sources */ = {isa = PBXBuildFile; fileRef = 49B097082704D8770044393B /* AppDelegate.swift */; };
		49B0970B2704D8770044393B /* SceneDelegate.swift in Sources */ = {isa = PBXBuildFile; fileRef = 49B0970A2704D8770044393B /* SceneDelegate.swift */; };
		49B0970D2704D8770044393B /* CarListVC.swift in Sources */ = {isa = PBXBuildFile; fileRef = 49B0970C2704D8770044393B /* CarListVC.swift */; };
		49B097102704D8770044393B /* Main.storyboard in Resources */ = {isa = PBXBuildFile; fileRef = 49B0970E2704D8770044393B /* Main.storyboard */; };
		49B097132704D8770044393B /* HomeExercise.xcdatamodeld in Sources */ = {isa = PBXBuildFile; fileRef = 49B097112704D8770044393B /* HomeExercise.xcdatamodeld */; };
		49B097152704D87E0044393B /* Assets.xcassets in Resources */ = {isa = PBXBuildFile; fileRef = 49B097142704D87E0044393B /* Assets.xcassets */; };
		49B097182704D87E0044393B /* LaunchScreen.storyboard in Resources */ = {isa = PBXBuildFile; fileRef = 49B097162704D87E0044393B /* LaunchScreen.storyboard */; };
		49B097262704DA3D0044393B /* car_list.json in Resources */ = {isa = PBXBuildFile; fileRef = 49B097252704DA3D0044393B /* car_list.json */; };
		49B0972A2704DCF60044393B /* CarDetails.swift in Sources */ = {isa = PBXBuildFile; fileRef = 49B097292704DCF60044393B /* CarDetails.swift */; };
		49B0972C2704DF750044393B /* Utility.swift in Sources */ = {isa = PBXBuildFile; fileRef = 49B0972B2704DF750044393B /* Utility.swift */; };
		49B0972E2704DFC60044393B /* Constants.swift in Sources */ = {isa = PBXBuildFile; fileRef = 49B0972D2704DFC60044393B /* Constants.swift */; };
		49B097332704EAAA0044393B /* ColorExtension.swift in Sources */ = {isa = PBXBuildFile; fileRef = 49B097322704EAAA0044393B /* ColorExtension.swift */; };
		49B09735270584CF0044393B /* FilterView.swift in Sources */ = {isa = PBXBuildFile; fileRef = 49B09734270584CF0044393B /* FilterView.swift */; };
		49B09737270585190044393B /* FilterView.xib in Resources */ = {isa = PBXBuildFile; fileRef = 49B09736270585190044393B /* FilterView.xib */; };
		49B0973B2705A0C30044393B /* NavigationExtension.swift in Sources */ = {isa = PBXBuildFile; fileRef = 49B0973A2705A0C30044393B /* NavigationExtension.swift */; };
		49B0973D2705A1430044393B /* BaseController.swift in Sources */ = {isa = PBXBuildFile; fileRef = 49B0973C2705A1430044393B /* BaseController.swift */; };
		49B0973F2705A5970044393B /* FontExtension.swift in Sources */ = {isa = PBXBuildFile; fileRef = 49B0973E2705A5970044393B /* FontExtension.swift */; };
		49B097412705C7CB0044393B /* CarListVCViewModel.swift in Sources */ = {isa = PBXBuildFile; fileRef = 49B097402705C7CA0044393B /* CarListVCViewModel.swift */; };
/* End PBXBuildFile section */

/* Begin PBXFileReference section */
		490F59EF2705F169000AA2BC /* IntExtension.swift */ = {isa = PBXFileReference; lastKnownFileType = sourcecode.swift; path = IntExtension.swift; sourceTree = "<group>"; };
		490F59F827071600000AA2BC /* ProsConsList.xib */ = {isa = PBXFileReference; lastKnownFileType = file.xib; path = ProsConsList.xib; sourceTree = "<group>"; };
		490F59FA27071618000AA2BC /* ProsConsList.swift */ = {isa = PBXFileReference; lastKnownFileType = sourcecode.swift; path = ProsConsList.swift; sourceTree = "<group>"; };
		490F59FC2707488E000AA2BC /* ViewExtension.swift */ = {isa = PBXFileReference; lastKnownFileType = sourcecode.swift; path = ViewExtension.swift; sourceTree = "<group>"; };
		490F5A01270794B4000AA2BC /* RatingEnum.swift */ = {isa = PBXFileReference; lastKnownFileType = sourcecode.swift; path = RatingEnum.swift; sourceTree = "<group>"; };
		490F5A03270832B1000AA2BC /* CompleteCarCell.swift */ = {isa = PBXFileReference; lastKnownFileType = sourcecode.swift; path = CompleteCarCell.swift; sourceTree = "<group>"; };
		490F5A04270832B1000AA2BC /* CompleteCarCell.xib */ = {isa = PBXFileReference; lastKnownFileType = file.xib; path = CompleteCarCell.xib; sourceTree = "<group>"; };
		490F5A0727086EE8000AA2BC /* StringExtension.swift */ = {isa = PBXFileReference; lastKnownFileType = sourcecode.swift; path = StringExtension.swift; sourceTree = "<group>"; };
		497B3DB92708B26E00B43E0A /* LabelExtension.swift */ = {isa = PBXFileReference; lastKnownFileType = sourcecode.swift; path = LabelExtension.swift; sourceTree = "<group>"; };
		497B3DBB2709A69100B43E0A /* CGFloatExtension.swift */ = {isa = PBXFileReference; lastKnownFileType = sourcecode.swift; path = CGFloatExtension.swift; sourceTree = "<group>"; };
		497B3DBF2709B27C00B43E0A /* FilterCell.swift */ = {isa = PBXFileReference; lastKnownFileType = sourcecode.swift; path = FilterCell.swift; sourceTree = "<group>"; };
		497B3DC12709C7FE00B43E0A /* OptionalExtension.swift */ = {isa = PBXFileReference; lastKnownFileType = sourcecode.swift; path = OptionalExtension.swift; sourceTree = "<group>"; };
		49B097052704D8770044393B /* HomeExercise.app */ = {isa = PBXFileReference; explicitFileType = wrapper.application; includeInIndex = 0; path = HomeExercise.app; sourceTree = BUILT_PRODUCTS_DIR; };
		49B097082704D8770044393B /* AppDelegate.swift */ = {isa = PBXFileReference; lastKnownFileType = sourcecode.swift; path = AppDelegate.swift; sourceTree = "<group>"; };
		49B0970A2704D8770044393B /* SceneDelegate.swift */ = {isa = PBXFileReference; lastKnownFileType = sourcecode.swift; path = SceneDelegate.swift; sourceTree = "<group>"; };
		49B0970C2704D8770044393B /* CarListVC.swift */ = {isa = PBXFileReference; lastKnownFileType = sourcecode.swift; path = CarListVC.swift; sourceTree = "<group>"; };
		49B0970F2704D8770044393B /* Base */ = {isa = PBXFileReference; lastKnownFileType = file.storyboard; name = Base; path = Base.lproj/Main.storyboard; sourceTree = "<group>"; };
		49B097122704D8770044393B /* HomeExercise.xcdatamodel */ = {isa = PBXFileReference; lastKnownFileType = wrapper.xcdatamodel; path = HomeExercise.xcdatamodel; sourceTree = "<group>"; };
		49B097142704D87E0044393B /* Assets.xcassets */ = {isa = PBXFileReference; lastKnownFileType = folder.assetcatalog; path = Assets.xcassets; sourceTree = "<group>"; };
		49B097172704D87E0044393B /* Base */ = {isa = PBXFileReference; lastKnownFileType = file.storyboard; name = Base; path = Base.lproj/LaunchScreen.storyboard; sourceTree = "<group>"; };
		49B097192704D87E0044393B /* Info.plist */ = {isa = PBXFileReference; lastKnownFileType = text.plist.xml; path = Info.plist; sourceTree = "<group>"; };
		49B097252704DA3D0044393B /* car_list.json */ = {isa = PBXFileReference; fileEncoding = 4; lastKnownFileType = text.json; path = car_list.json; sourceTree = "<group>"; };
		49B097292704DCF60044393B /* CarDetails.swift */ = {isa = PBXFileReference; lastKnownFileType = sourcecode.swift; path = CarDetails.swift; sourceTree = "<group>"; };
		49B0972B2704DF750044393B /* Utility.swift */ = {isa = PBXFileReference; lastKnownFileType = sourcecode.swift; path = Utility.swift; sourceTree = "<group>"; };
		49B0972D2704DFC60044393B /* Constants.swift */ = {isa = PBXFileReference; lastKnownFileType = sourcecode.swift; path = Constants.swift; sourceTree = "<group>"; };
		49B097322704EAAA0044393B /* ColorExtension.swift */ = {isa = PBXFileReference; lastKnownFileType = sourcecode.swift; path = ColorExtension.swift; sourceTree = "<group>"; };
		49B09734270584CF0044393B /* FilterView.swift */ = {isa = PBXFileReference; lastKnownFileType = sourcecode.swift; path = FilterView.swift; sourceTree = "<group>"; };
		49B09736270585190044393B /* FilterView.xib */ = {isa = PBXFileReference; lastKnownFileType = file.xib; path = FilterView.xib; sourceTree = "<group>"; };
		49B0973A2705A0C30044393B /* NavigationExtension.swift */ = {isa = PBXFileReference; lastKnownFileType = sourcecode.swift; path = NavigationExtension.swift; sourceTree = "<group>"; };
		49B0973C2705A1430044393B /* BaseController.swift */ = {isa = PBXFileReference; lastKnownFileType = sourcecode.swift; path = BaseController.swift; sourceTree = "<group>"; };
		49B0973E2705A5970044393B /* FontExtension.swift */ = {isa = PBXFileReference; lastKnownFileType = sourcecode.swift; path = FontExtension.swift; sourceTree = "<group>"; };
		49B097402705C7CA0044393B /* CarListVCViewModel.swift */ = {isa = PBXFileReference; lastKnownFileType = sourcecode.swift; path = CarListVCViewModel.swift; sourceTree = "<group>"; };
/* End PBXFileReference section */

/* Begin PBXFrameworksBuildPhase section */
		49B097022704D8760044393B /* Frameworks */ = {
			isa = PBXFrameworksBuildPhase;
			buildActionMask = 2147483647;
			files = (
			);
			runOnlyForDeploymentPostprocessing = 0;
		};
/* End PBXFrameworksBuildPhase section */

/* Begin PBXGroup section */
		490F59E72705E149000AA2BC /* Cell */ = {
			isa = PBXGroup;
			children = (
				490F5A03270832B1000AA2BC /* CompleteCarCell.swift */,
				490F5A04270832B1000AA2BC /* CompleteCarCell.xib */,
				497B3DBF2709B27C00B43E0A /* FilterCell.swift */,
			);
			path = Cell;
			sourceTree = "<group>";
		};
		490F59E82705E153000AA2BC /* Controller */ = {
			isa = PBXGroup;
			children = (
				49B0970C2704D8770044393B /* CarListVC.swift */,
				49B0973C2705A1430044393B /* BaseController.swift */,
			);
			path = Controller;
			sourceTree = "<group>";
		};
		490F59F72706DD7C000AA2BC /* Subviews */ = {
			isa = PBXGroup;
			children = (
				49B09736270585190044393B /* FilterView.xib */,
				49B09734270584CF0044393B /* FilterView.swift */,
				490F59F827071600000AA2BC /* ProsConsList.xib */,
				490F59FA27071618000AA2BC /* ProsConsList.swift */,
			);
			path = Subviews;
			sourceTree = "<group>";
		};
		490F5A002707949D000AA2BC /* Enums */ = {
			isa = PBXGroup;
			children = (
				490F5A01270794B4000AA2BC /* RatingEnum.swift */,
			);
			path = Enums;
			sourceTree = "<group>";
		};
		49B096FC2704D8760044393B = {
			isa = PBXGroup;
			children = (
				49B097072704D8770044393B /* HomeExercise */,
				49B097062704D8770044393B /* Products */,
			);
			sourceTree = "<group>";
		};
		49B097062704D8770044393B /* Products */ = {
			isa = PBXGroup;
			children = (
				49B097052704D8770044393B /* HomeExercise.app */,
			);
			name = Products;
			sourceTree = "<group>";
		};
		49B097072704D8770044393B /* HomeExercise */ = {
			isa = PBXGroup;
			children = (
				490F5A002707949D000AA2BC /* Enums */,
				49B097312704EA790044393B /* Extensions */,
				49B097282704DCC20044393B /* Utility */,
				49B097272704DA4D0044393B /* Storyboard */,
				49B097242704DA270044393B /* Resources */,
				49B097232704D9D80044393B /* Delegate */,
				49B0971F2704D8BC0044393B /* Modules */,
				49B097142704D87E0044393B /* Assets.xcassets */,
				49B097192704D87E0044393B /* Info.plist */,
				49B097112704D8770044393B /* HomeExercise.xcdatamodeld */,
			);
			path = HomeExercise;
			sourceTree = "<group>";
		};
		49B0971F2704D8BC0044393B /* Modules */ = {
			isa = PBXGroup;
			children = (
				49B0973827059E710044393B /* CarModule */,
			);
			path = Modules;
			sourceTree = "<group>";
		};
		49B097202704D9A10044393B /* Model */ = {
			isa = PBXGroup;
			children = (
				49B097292704DCF60044393B /* CarDetails.swift */,
			);
			path = Model;
			sourceTree = "<group>";
		};
		49B097212704D9A90044393B /* View */ = {
			isa = PBXGroup;
			children = (
				490F59F72706DD7C000AA2BC /* Subviews */,
				490F59E82705E153000AA2BC /* Controller */,
				490F59E72705E149000AA2BC /* Cell */,
			);
			path = View;
			sourceTree = "<group>";
		};
		49B097222704D9B30044393B /* ViewModel */ = {
			isa = PBXGroup;
			children = (
				49B097402705C7CA0044393B /* CarListVCViewModel.swift */,
			);
			path = ViewModel;
			sourceTree = "<group>";
		};
		49B097232704D9D80044393B /* Delegate */ = {
			isa = PBXGroup;
			children = (
				49B097082704D8770044393B /* AppDelegate.swift */,
				49B0970A2704D8770044393B /* SceneDelegate.swift */,
			);
			path = Delegate;
			sourceTree = "<group>";
		};
		49B097242704DA270044393B /* Resources */ = {
			isa = PBXGroup;
			children = (
				49B0973927059E9D0044393B /* JSON */,
			);
			path = Resources;
			sourceTree = "<group>";
		};
		49B097272704DA4D0044393B /* Storyboard */ = {
			isa = PBXGroup;
			children = (
				49B0970E2704D8770044393B /* Main.storyboard */,
				49B097162704D87E0044393B /* LaunchScreen.storyboard */,
			);
			path = Storyboard;
			sourceTree = "<group>";
		};
		49B097282704DCC20044393B /* Utility */ = {
			isa = PBXGroup;
			children = (
				49B0972B2704DF750044393B /* Utility.swift */,
				49B0972D2704DFC60044393B /* Constants.swift */,
			);
			path = Utility;
			sourceTree = "<group>";
		};
		49B097312704EA790044393B /* Extensions */ = {
			isa = PBXGroup;
			children = (
				49B097322704EAAA0044393B /* ColorExtension.swift */,
				49B0973A2705A0C30044393B /* NavigationExtension.swift */,
				49B0973E2705A5970044393B /* FontExtension.swift */,
				490F59EF2705F169000AA2BC /* IntExtension.swift */,
				490F59FC2707488E000AA2BC /* ViewExtension.swift */,
				490F5A0727086EE8000AA2BC /* StringExtension.swift */,
				497B3DB92708B26E00B43E0A /* LabelExtension.swift */,
				497B3DBB2709A69100B43E0A /* CGFloatExtension.swift */,
				497B3DC12709C7FE00B43E0A /* OptionalExtension.swift */,
			);
			path = Extensions;
			sourceTree = "<group>";
		};
		49B0973827059E710044393B /* CarModule */ = {
			isa = PBXGroup;
			children = (
				49B097222704D9B30044393B /* ViewModel */,
				49B097212704D9A90044393B /* View */,
				49B097202704D9A10044393B /* Model */,
			);
			path = CarModule;
			sourceTree = "<group>";
		};
		49B0973927059E9D0044393B /* JSON */ = {
			isa = PBXGroup;
			children = (
				49B097252704DA3D0044393B /* car_list.json */,
			);
			path = JSON;
			sourceTree = "<group>";
		};
/* End PBXGroup section */

/* Begin PBXNativeTarget section */
		49B097042704D8760044393B /* HomeExercise */ = {
			isa = PBXNativeTarget;
			buildConfigurationList = 49B0971C2704D87E0044393B /* Build configuration list for PBXNativeTarget "HomeExercise" */;
			buildPhases = (
				49B097012704D8760044393B /* Sources */,
				49B097022704D8760044393B /* Frameworks */,
				49B097032704D8760044393B /* Resources */,
			);
			buildRules = (
			);
			dependencies = (
			);
			name = HomeExercise;
			productName = HomeExercise;
			productReference = 49B097052704D8770044393B /* HomeExercise.app */;
			productType = "com.apple.product-type.application";
		};
/* End PBXNativeTarget section */

/* Begin PBXProject section */
		49B096FD2704D8760044393B /* Project object */ = {
			isa = PBXProject;
			attributes = {
				LastSwiftUpdateCheck = 1250;
				LastUpgradeCheck = 1250;
				TargetAttributes = {
					49B097042704D8760044393B = {
						CreatedOnToolsVersion = 12.5.1;
					};
				};
			};
			buildConfigurationList = 49B097002704D8760044393B /* Build configuration list for PBXProject "HomeExercise" */;
			compatibilityVersion = "Xcode 9.3";
			developmentRegion = en;
			hasScannedForEncodings = 0;
			knownRegions = (
				en,
				Base,
			);
			mainGroup = 49B096FC2704D8760044393B;
			productRefGroup = 49B097062704D8770044393B /* Products */;
			projectDirPath = "";
			projectRoot = "";
			targets = (
				49B097042704D8760044393B /* HomeExercise */,
			);
		};
/* End PBXProject section */

/* Begin PBXResourcesBuildPhase section */
		49B097032704D8760044393B /* Resources */ = {
			isa = PBXResourcesBuildPhase;
			buildActionMask = 2147483647;
			files = (
				49B09737270585190044393B /* FilterView.xib in Resources */,
				49B097182704D87E0044393B /* LaunchScreen.storyboard in Resources */,
				490F5A06270832B1000AA2BC /* CompleteCarCell.xib in Resources */,
				49B097152704D87E0044393B /* Assets.xcassets in Resources */,
				490F59F927071600000AA2BC /* ProsConsList.xib in Resources */,
				49B097262704DA3D0044393B /* car_list.json in Resources */,
				49B097102704D8770044393B /* Main.storyboard in Resources */,
			);
			runOnlyForDeploymentPostprocessing = 0;
		};
/* End PBXResourcesBuildPhase section */

/* Begin PBXSourcesBuildPhase section */
		49B097012704D8760044393B /* Sources */ = {
			isa = PBXSourcesBuildPhase;
			buildActionMask = 2147483647;
			files = (
				490F5A02270794B4000AA2BC /* RatingEnum.swift in Sources */,
				49B0970D2704D8770044393B /* CarListVC.swift in Sources */,
				49B0972A2704DCF60044393B /* CarDetails.swift in Sources */,
				49B097332704EAAA0044393B /* ColorExtension.swift in Sources */,
				49B0972C2704DF750044393B /* Utility.swift in Sources */,
				490F59F02705F169000AA2BC /* IntExtension.swift in Sources */,
				490F5A05270832B1000AA2BC /* CompleteCarCell.swift in Sources */,
				49B09735270584CF0044393B /* FilterView.swift in Sources */,
				49B097092704D8770044393B /* AppDelegate.swift in Sources */,
				49B0973B2705A0C30044393B /* NavigationExtension.swift in Sources */,
				497B3DC22709C7FE00B43E0A /* OptionalExtension.swift in Sources */,
				497B3DBC2709A69100B43E0A /* CGFloatExtension.swift in Sources */,
				49B0972E2704DFC60044393B /* Constants.swift in Sources */,
				49B097132704D8770044393B /* HomeExercise.xcdatamodeld in Sources */,
				497B3DC02709B27C00B43E0A /* FilterCell.swift in Sources */,
				49B0973D2705A1430044393B /* BaseController.swift in Sources */,
				490F59FD2707488E000AA2BC /* ViewExtension.swift in Sources */,
				49B0973F2705A5970044393B /* FontExtension.swift in Sources */,
				49B097412705C7CB0044393B /* CarListVCViewModel.swift in Sources */,
				497B3DBA2708B26F00B43E0A /* LabelExtension.swift in Sources */,
				49B0970B2704D8770044393B /* SceneDelegate.swift in Sources */,
				490F59FB27071618000AA2BC /* ProsConsList.swift in Sources */,
				490F5A0827086EE9000AA2BC /* StringExtension.swift in Sources */,
			);
			runOnlyForDeploymentPostprocessing = 0;
		};
/* End PBXSourcesBuildPhase section */

/* Begin PBXVariantGroup section */
		49B0970E2704D8770044393B /* Main.storyboard */ = {
			isa = PBXVariantGroup;
			children = (
				49B0970F2704D8770044393B /* Base */,
			);
			name = Main.storyboard;
			sourceTree = "<group>";
		};
		49B097162704D87E0044393B /* LaunchScreen.storyboard */ = {
			isa = PBXVariantGroup;
			children = (
				49B097172704D87E0044393B /* Base */,
			);
			name = LaunchScreen.storyboard;
			sourceTree = "<group>";
		};
/* End PBXVariantGroup section */

/* Begin XCBuildConfiguration section */
		49B0971A2704D87E0044393B /* Debug */ = {
			isa = XCBuildConfiguration;
			buildSettings = {
				ALWAYS_SEARCH_USER_PATHS = NO;
				CLANG_ANALYZER_NONNULL = YES;
				CLANG_ANALYZER_NUMBER_OBJECT_CONVERSION = YES_AGGRESSIVE;
				CLANG_CXX_LANGUAGE_STANDARD = "gnu++14";
				CLANG_CXX_LIBRARY = "libc++";
				CLANG_ENABLE_MODULES = YES;
				CLANG_ENABLE_OBJC_ARC = YES;
				CLANG_ENABLE_OBJC_WEAK = YES;
				CLANG_WARN_BLOCK_CAPTURE_AUTORELEASING = YES;
				CLANG_WARN_BOOL_CONVERSION = YES;
				CLANG_WARN_COMMA = YES;
				CLANG_WARN_CONSTANT_CONVERSION = YES;
				CLANG_WARN_DEPRECATED_OBJC_IMPLEMENTATIONS = YES;
				CLANG_WARN_DIRECT_OBJC_ISA_USAGE = YES_ERROR;
				CLANG_WARN_DOCUMENTATION_COMMENTS = YES;
				CLANG_WARN_EMPTY_BODY = YES;
				CLANG_WARN_ENUM_CONVERSION = YES;
				CLANG_WARN_INFINITE_RECURSION = YES;
				CLANG_WARN_INT_CONVERSION = YES;
				CLANG_WARN_NON_LITERAL_NULL_CONVERSION = YES;
				CLANG_WARN_OBJC_IMPLICIT_RETAIN_SELF = YES;
				CLANG_WARN_OBJC_LITERAL_CONVERSION = YES;
				CLANG_WARN_OBJC_ROOT_CLASS = YES_ERROR;
				CLANG_WARN_QUOTED_INCLUDE_IN_FRAMEWORK_HEADER = YES;
				CLANG_WARN_RANGE_LOOP_ANALYSIS = YES;
				CLANG_WARN_STRICT_PROTOTYPES = YES;
				CLANG_WARN_SUSPICIOUS_MOVE = YES;
				CLANG_WARN_UNGUARDED_AVAILABILITY = YES_AGGRESSIVE;
				CLANG_WARN_UNREACHABLE_CODE = YES;
				CLANG_WARN__DUPLICATE_METHOD_MATCH = YES;
				COPY_PHASE_STRIP = NO;
				DEBUG_INFORMATION_FORMAT = dwarf;
				ENABLE_STRICT_OBJC_MSGSEND = YES;
				ENABLE_TESTABILITY = YES;
				GCC_C_LANGUAGE_STANDARD = gnu11;
				GCC_DYNAMIC_NO_PIC = NO;
				GCC_NO_COMMON_BLOCKS = YES;
				GCC_OPTIMIZATION_LEVEL = 0;
				GCC_PREPROCESSOR_DEFINITIONS = (
					"DEBUG=1",
					"$(inherited)",
				);
				GCC_WARN_64_TO_32_BIT_CONVERSION = YES;
				GCC_WARN_ABOUT_RETURN_TYPE = YES_ERROR;
				GCC_WARN_UNDECLARED_SELECTOR = YES;
				GCC_WARN_UNINITIALIZED_AUTOS = YES_AGGRESSIVE;
				GCC_WARN_UNUSED_FUNCTION = YES;
				GCC_WARN_UNUSED_VARIABLE = YES;
				IPHONEOS_DEPLOYMENT_TARGET = 14.5;
				MTL_ENABLE_DEBUG_INFO = INCLUDE_SOURCE;
				MTL_FAST_MATH = YES;
				ONLY_ACTIVE_ARCH = YES;
				SDKROOT = iphoneos;
				SWIFT_ACTIVE_COMPILATION_CONDITIONS = DEBUG;
				SWIFT_OPTIMIZATION_LEVEL = "-Onone";
			};
			name = Debug;
		};
		49B0971B2704D87E0044393B /* Release */ = {
			isa = XCBuildConfiguration;
			buildSettings = {
				ALWAYS_SEARCH_USER_PATHS = NO;
				CLANG_ANALYZER_NONNULL = YES;
				CLANG_ANALYZER_NUMBER_OBJECT_CONVERSION = YES_AGGRESSIVE;
				CLANG_CXX_LANGUAGE_STANDARD = "gnu++14";
				CLANG_CXX_LIBRARY = "libc++";
				CLANG_ENABLE_MODULES = YES;
				CLANG_ENABLE_OBJC_ARC = YES;
				CLANG_ENABLE_OBJC_WEAK = YES;
				CLANG_WARN_BLOCK_CAPTURE_AUTORELEASING = YES;
				CLANG_WARN_BOOL_CONVERSION = YES;
				CLANG_WARN_COMMA = YES;
				CLANG_WARN_CONSTANT_CONVERSION = YES;
				CLANG_WARN_DEPRECATED_OBJC_IMPLEMENTATIONS = YES;
				CLANG_WARN_DIRECT_OBJC_ISA_USAGE = YES_ERROR;
				CLANG_WARN_DOCUMENTATION_COMMENTS = YES;
				CLANG_WARN_EMPTY_BODY = YES;
				CLANG_WARN_ENUM_CONVERSION = YES;
				CLANG_WARN_INFINITE_RECURSION = YES;
				CLANG_WARN_INT_CONVERSION = YES;
				CLANG_WARN_NON_LITERAL_NULL_CONVERSION = YES;
				CLANG_WARN_OBJC_IMPLICIT_RETAIN_SELF = YES;
				CLANG_WARN_OBJC_LITERAL_CONVERSION = YES;
				CLANG_WARN_OBJC_ROOT_CLASS = YES_ERROR;
				CLANG_WARN_QUOTED_INCLUDE_IN_FRAMEWORK_HEADER = YES;
				CLANG_WARN_RANGE_LOOP_ANALYSIS = YES;
				CLANG_WARN_STRICT_PROTOTYPES = YES;
				CLANG_WARN_SUSPICIOUS_MOVE = YES;
				CLANG_WARN_UNGUARDED_AVAILABILITY = YES_AGGRESSIVE;
				CLANG_WARN_UNREACHABLE_CODE = YES;
				CLANG_WARN__DUPLICATE_METHOD_MATCH = YES;
				COPY_PHASE_STRIP = NO;
				DEBUG_INFORMATION_FORMAT = "dwarf-with-dsym";
				ENABLE_NS_ASSERTIONS = NO;
				ENABLE_STRICT_OBJC_MSGSEND = YES;
				GCC_C_LANGUAGE_STANDARD = gnu11;
				GCC_NO_COMMON_BLOCKS = YES;
				GCC_WARN_64_TO_32_BIT_CONVERSION = YES;
				GCC_WARN_ABOUT_RETURN_TYPE = YES_ERROR;
				GCC_WARN_UNDECLARED_SELECTOR = YES;
				GCC_WARN_UNINITIALIZED_AUTOS = YES_AGGRESSIVE;
				GCC_WARN_UNUSED_FUNCTION = YES;
				GCC_WARN_UNUSED_VARIABLE = YES;
				IPHONEOS_DEPLOYMENT_TARGET = 14.5;
				MTL_ENABLE_DEBUG_INFO = NO;
				MTL_FAST_MATH = YES;
				SDKROOT = iphoneos;
				SWIFT_COMPILATION_MODE = wholemodule;
				SWIFT_OPTIMIZATION_LEVEL = "-O";
				VALIDATE_PRODUCT = YES;
			};
			name = Release;
		};
		49B0971D2704D87E0044393B /* Debug */ = {
			isa = XCBuildConfiguration;
			buildSettings = {
				ASSETCATALOG_COMPILER_APPICON_NAME = AppIcon;
				ASSETCATALOG_COMPILER_GLOBAL_ACCENT_COLOR_NAME = AccentColor;
				CODE_SIGN_STYLE = Automatic;
				DEVELOPMENT_TEAM = 3EGXVN72T4;
				INFOPLIST_FILE = HomeExercise/Info.plist;
				LD_RUNPATH_SEARCH_PATHS = (
					"$(inherited)",
					"@executable_path/Frameworks",
				);
				PRODUCT_BUNDLE_IDENTIFIER = com.homeExercise.HomeExercise;
				PRODUCT_NAME = "$(TARGET_NAME)";
				SWIFT_VERSION = 5.0;
				TARGETED_DEVICE_FAMILY = "1,2";
			};
			name = Debug;
		};
		49B0971E2704D87E0044393B /* Release */ = {
			isa = XCBuildConfiguration;
			buildSettings = {
				ASSETCATALOG_COMPILER_APPICON_NAME = AppIcon;
				ASSETCATALOG_COMPILER_GLOBAL_ACCENT_COLOR_NAME = AccentColor;
				CODE_SIGN_STYLE = Automatic;
				DEVELOPMENT_TEAM = 3EGXVN72T4;
				INFOPLIST_FILE = HomeExercise/Info.plist;
				LD_RUNPATH_SEARCH_PATHS = (
					"$(inherited)",
					"@executable_path/Frameworks",
				);
				PRODUCT_BUNDLE_IDENTIFIER = com.homeExercise.HomeExercise;
				PRODUCT_NAME = "$(TARGET_NAME)";
				SWIFT_VERSION = 5.0;
				TARGETED_DEVICE_FAMILY = "1,2";
			};
			name = Release;
		};
/* End XCBuildConfiguration section */

/* Begin XCConfigurationList section */
		49B097002704D8760044393B /* Build configuration list for PBXProject "HomeExercise" */ = {
			isa = XCConfigurationList;
			buildConfigurations = (
				49B0971A2704D87E0044393B /* Debug */,
				49B0971B2704D87E0044393B /* Release */,
			);
			defaultConfigurationIsVisible = 0;
			defaultConfigurationName = Release;
		};
		49B0971C2704D87E0044393B /* Build configuration list for PBXNativeTarget "HomeExercise" */ = {
			isa = XCConfigurationList;
			buildConfigurations = (
				49B0971D2704D87E0044393B /* Debug */,
				49B0971E2704D87E0044393B /* Release */,
			);
			defaultConfigurationIsVisible = 0;
			defaultConfigurationName = Release;
		};
/* End XCConfigurationList section */

/* Begin XCVersionGroup section */
		49B097112704D8770044393B /* HomeExercise.xcdatamodeld */ = {
			isa = XCVersionGroup;
			children = (
				49B097122704D8770044393B /* HomeExercise.xcdatamodel */,
			);
			currentVersion = 49B097122704D8770044393B /* HomeExercise.xcdatamodel */;
			path = HomeExercise.xcdatamodeld;
			sourceTree = "<group>";
			versionGroupType = wrapper.xcdatamodel;
		};
/* End XCVersionGroup section */
	};
	rootObject = 49B096FD2704D8760044393B /* Project object */;
}
